{
  "requires": true,
  "lockfileVersion": 1,
  "dependencies": {
    "@capacitor/storage": {
      "version": "1.2.3",
      "resolved": "https://registry.npmjs.org/@capacitor/storage/-/storage-1.2.3.tgz",
      "integrity": "sha512-Rc5CKS53sfxokF5dxzNQDhig4lnZonky6VqskHZKTe3Ltl37FKmrG+I8ttZCinFZ5MPWfGSuP44m93hsQqitjQ=="
    }
  }
}
